
Microsoft Visual Studio Solution File, Format Version 12.00
# Visual Studio Version 17
VisualStudioVersion = 17.4.33213.308
MinimumVisualStudioVersion = 10.0.40219.1
Project("{FAE04EC0-301F-11D3-BF4B-00C04F79EFBC}") = "MediatRProject", "MediatRProject\MediatRProject.csproj", "{1DD6EF59-49BC-43E2-ACC1-696C2EC4A173}"
EndProject
Global
	GlobalSection(SolutionConfigurationPlatforms) = preSolution
		Debug|Any CPU = Debug|Any CPU
		Release|Any CPU = Release|Any CPU
	EndGlobalSection
	GlobalSection(ProjectConfigurationPlatforms) = postSolution
		{1DD6EF59-49BC-43E2-ACC1-696C2EC4A173}.Debug|Any CPU.ActiveCfg = Debug|Any CPU
		{1DD6EF59-49BC-43E2-ACC1-696C2EC4A173}.Debug|Any CPU.Build.0 = Debug|Any CPU
		{1DD6EF59-49BC-43E2-ACC1-696C2EC4A173}.Release|Any CPU.ActiveCfg = Release|Any CPU
		{1DD6EF59-49BC-43E2-ACC1-696C2EC4A173}.Release|Any CPU.Build.0 = Release|Any CPU
	EndGlobalSection
	GlobalSection(SolutionProperties) = preSolution
		HideSolutionNode = FALSE
	EndGlobalSection
	GlobalSection(ExtensibilityGlobals) = postSolution
		SolutionGuid = {894A6888-369D-49D1-8CFC-3BEE0B10BF60}
	EndGlobalSection
EndGlobal
